{
  "requires": true,
  "lockfileVersion": 1,
  "dependencies": {
    "@arction/eventer": {
      "version": "1.0.1",
      "resolved": "https://registry.npmjs.org/@arction/eventer/-/eventer-1.0.1.tgz",
      "integrity": "sha512-/443gMPcZwt+BSH5cy2/sJlYis2zT0IUbllboi/e0Ye4uk58SUloxjMecWjp2sJ7IBCGGpduaE8I73mMQmJGvw=="
    },
    "@arction/lcjs": {
      "version": "3.1.0",
      "resolved": "https://registry.npmjs.org/@arction/lcjs/-/lcjs-3.1.0.tgz",
      "integrity": "sha512-MgzlYga3PN7RpKXJx3SJ/GjdbuOTaoOIdTIcC58BVL8UFk6iXir+p7Tb2TIqlLxO5UHEFxybvuAq6NFLI9qUSw==",
      "requires": {
        "@arction/eventer": "^1.0.1",
        "earcut": "^2.2.2",
        "immutable": "^4.0.0-rc.12"
      }
    },
    "earcut": {
      "version": "2.2.3",
      "resolved": "https://registry.npmjs.org/earcut/-/earcut-2.2.3.tgz",
      "integrity": "sha512-iRDI1QeCQIhMCZk48DRDMVgQSSBDmbzzNhnxIo+pwx3swkfjMh6vh0nWLq1NdvGHLKH6wIrAM3vQWeTj6qeoug=="
    },
    "immutable": {
      "version": "4.0.0-rc.14",
      "resolved": "https://registry.npmjs.org/immutable/-/immutable-4.0.0-rc.14.tgz",
      "integrity": "sha512-pfkvmRKJSoW7JFx0QeYlAmT+kNYvn5j0u7bnpNq4N2RCvHSTlLT208G8jgaquNe+Q8kCPHKOSpxJkyvLDpYq0w=="
    }
  }
}
